
Microsoft Visual Studio Solution File, Format Version 12.00
# Visual Studio Version 16
VisualStudioVersion = 16.0.31605.320
MinimumVisualStudioVersion = 10.0.40219.1
Project("{FAE04EC0-301F-11D3-BF4B-00C04F79EFBC}") = "Random Number generator", "Random Number generator\Random Number generator.csproj", "{2DE8EDE9-62EB-4C3D-840C-CB0802A4968F}"
EndProject
Global
	GlobalSection(SolutionConfigurationPlatforms) = preSolution
		Debug|Any CPU = Debug|Any CPU
		Release|Any CPU = Release|Any CPU
	EndGlobalSection
	GlobalSection(ProjectConfigurationPlatforms) = postSolution
		{2DE8EDE9-62EB-4C3D-840C-CB0802A4968F}.Debug|Any CPU.ActiveCfg = Debug|Any CPU
		{2DE8EDE9-62EB-4C3D-840C-CB0802A4968F}.Debug|Any CPU.Build.0 = Debug|Any CPU
		{2DE8EDE9-62EB-4C3D-840C-CB0802A4968F}.Release|Any CPU.ActiveCfg = Release|Any CPU
		{2DE8EDE9-62EB-4C3D-840C-CB0802A4968F}.Release|Any CPU.Build.0 = Release|Any CPU
	EndGlobalSection
	GlobalSection(SolutionProperties) = preSolution
		HideSolutionNode = FALSE
	EndGlobalSection
	GlobalSection(ExtensibilityGlobals) = postSolution
		SolutionGuid = {B2DFACCE-8D2D-4607-8F51-914FB76E45CA}
	EndGlobalSection
EndGlobal
